// !$*UTF8*$!
{
	archiveVersion = 1;
	classes = {
	};
	objectVersion = 56;
	objects = {

/* Begin PBXBuildFile section */
		F9C71D922C407A8D00FF8B0C /* AppDelegate.swift in Sources */ = {isa = PBXBuildFile; fileRef = F9C71D912C407A8D00FF8B0C /* AppDelegate.swift */; };
		F9C71D942C407A8D00FF8B0C /* SceneDelegate.swift in Sources */ = {isa = PBXBuildFile; fileRef = F9C71D932C407A8D00FF8B0C /* SceneDelegate.swift */; };
		F9C71D962C407A8D00FF8B0C /* WeatherVC.swift in Sources */ = {isa = PBXBuildFile; fileRef = F9C71D952C407A8D00FF8B0C /* WeatherVC.swift */; };
		F9C71D992C407A8D00FF8B0C /* Main.storyboard in Resources */ = {isa = PBXBuildFile; fileRef = F9C71D972C407A8D00FF8B0C /* Main.storyboard */; };
		F9C71D9B2C407A8E00FF8B0C /* Assets.xcassets in Resources */ = {isa = PBXBuildFile; fileRef = F9C71D9A2C407A8E00FF8B0C /* Assets.xcassets */; };
		F9C71D9E2C407A8E00FF8B0C /* LaunchScreen.storyboard in Resources */ = {isa = PBXBuildFile; fileRef = F9C71D9C2C407A8E00FF8B0C /* LaunchScreen.storyboard */; };
		F9C71DA62C407C3200FF8B0C /* GradientView.swift in Sources */ = {isa = PBXBuildFile; fileRef = F9C71DA52C407C3200FF8B0C /* GradientView.swift */; };
		F9C71DAB2C40928200FF8B0C /* WeatherCollectionViewCell.swift in Sources */ = {isa = PBXBuildFile; fileRef = F9C71DAA2C40928200FF8B0C /* WeatherCollectionViewCell.swift */; };
/* End PBXBuildFile section */

/* Begin PBXFileReference section */
		F9C71D8E2C407A8D00FF8B0C /* WeatherAI.app */ = {isa = PBXFileReference; explicitFileType = wrapper.application; includeInIndex = 0; path = WeatherAI.app; sourceTree = BUILT_PRODUCTS_DIR; };
		F9C71D912C407A8D00FF8B0C /* AppDelegate.swift */ = {isa = PBXFileReference; lastKnownFileType = sourcecode.swift; path = AppDelegate.swift; sourceTree = "<group>"; };
		F9C71D932C407A8D00FF8B0C /* SceneDelegate.swift */ = {isa = PBXFileReference; lastKnownFileType = sourcecode.swift; path = SceneDelegate.swift; sourceTree = "<group>"; };
		F9C71D952C407A8D00FF8B0C /* WeatherVC.swift */ = {isa = PBXFileReference; lastKnownFileType = sourcecode.swift; path = WeatherVC.swift; sourceTree = "<group>"; };
		F9C71D982C407A8D00FF8B0C /* Base */ = {isa = PBXFileReference; lastKnownFileType = file.storyboard; name = Base; path = Base.lproj/Main.storyboard; sourceTree = "<group>"; };
		F9C71D9A2C407A8E00FF8B0C /* Assets.xcassets */ = {isa = PBXFileReference; lastKnownFileType = folder.assetcatalog; path = Assets.xcassets; sourceTree = "<group>"; };
		F9C71D9D2C407A8E00FF8B0C /* Base */ = {isa = PBXFileReference; lastKnownFileType = file.storyboard; name = Base; path = Base.lproj/LaunchScreen.storyboard; sourceTree = "<group>"; };
		F9C71D9F2C407A8E00FF8B0C /* Info.plist */ = {isa = PBXFileReference; lastKnownFileType = text.plist.xml; path = Info.plist; sourceTree = "<group>"; };
		F9C71DA52C407C3200FF8B0C /* GradientView.swift */ = {isa = PBXFileReference; lastKnownFileType = sourcecode.swift; path = GradientView.swift; sourceTree = "<group>"; };
		F9C71DAA2C40928200FF8B0C /* WeatherCollectionViewCell.swift */ = {isa = PBXFileReference; lastKnownFileType = sourcecode.swift; path = WeatherCollectionViewCell.swift; sourceTree = "<group>"; };
/* End PBXFileReference section */

/* Begin PBXFrameworksBuildPhase section */
		F9C71D8B2C407A8D00FF8B0C /* Frameworks */ = {
			isa = PBXFrameworksBuildPhase;
			buildActionMask = 2147483647;
			files = (
			);
			runOnlyForDeploymentPostprocessing = 0;
		};
/* End PBXFrameworksBuildPhase section */

/* Begin PBXGroup section */
		F9C71D852C407A8D00FF8B0C = {
			isa = PBXGroup;
			children = (
				F9C71D902C407A8D00FF8B0C /* WeatherAI */,
				F9C71D8F2C407A8D00FF8B0C /* Products */,
			);
			sourceTree = "<group>";
		};
		F9C71D8F2C407A8D00FF8B0C /* Products */ = {
			isa = PBXGroup;
			children = (
				F9C71D8E2C407A8D00FF8B0C /* WeatherAI.app */,
			);
			name = Products;
			sourceTree = "<group>";
		};
		F9C71D902C407A8D00FF8B0C /* WeatherAI */ = {
			isa = PBXGroup;
			children = (
				F9C71DA72C407C4000FF8B0C /* Model */,
				F9C71DA82C407C4500FF8B0C /* View */,
				F9C71DA92C407C4B00FF8B0C /* Controller */,
				F9C71D912C407A8D00FF8B0C /* AppDelegate.swift */,
				F9C71D932C407A8D00FF8B0C /* SceneDelegate.swift */,
				F9C71D972C407A8D00FF8B0C /* Main.storyboard */,
				F9C71D9A2C407A8E00FF8B0C /* Assets.xcassets */,
				F9C71D9C2C407A8E00FF8B0C /* LaunchScreen.storyboard */,
				F9C71D9F2C407A8E00FF8B0C /* Info.plist */,
			);
			path = WeatherAI;
			sourceTree = "<group>";
		};
		F9C71DA72C407C4000FF8B0C /* Model */ = {
			isa = PBXGroup;
			children = (
			);
			path = Model;
			sourceTree = "<group>";
		};
		F9C71DA82C407C4500FF8B0C /* View */ = {
			isa = PBXGroup;
			children = (
				F9C71DA52C407C3200FF8B0C /* GradientView.swift */,
				F9C71DAA2C40928200FF8B0C /* WeatherCollectionViewCell.swift */,
			);
			path = View;
			sourceTree = "<group>";
		};
		F9C71DA92C407C4B00FF8B0C /* Controller */ = {
			isa = PBXGroup;
			children = (
				F9C71D952C407A8D00FF8B0C /* WeatherVC.swift */,
			);
			path = Controller;
			sourceTree = "<group>";
		};
/* End PBXGroup section */

/* Begin PBXNativeTarget section */
		F9C71D8D2C407A8D00FF8B0C /* WeatherAI */ = {
			isa = PBXNativeTarget;
			buildConfigurationList = F9C71DA22C407A8E00FF8B0C /* Build configuration list for PBXNativeTarget "WeatherAI" */;
			buildPhases = (
				F9C71D8A2C407A8D00FF8B0C /* Sources */,
				F9C71D8B2C407A8D00FF8B0C /* Frameworks */,
				F9C71D8C2C407A8D00FF8B0C /* Resources */,
			);
			buildRules = (
			);
			dependencies = (
			);
			name = WeatherAI;
			productName = WeatherAI;
			productReference = F9C71D8E2C407A8D00FF8B0C /* WeatherAI.app */;
			productType = "com.apple.product-type.application";
		};
/* End PBXNativeTarget section */

/* Begin PBXProject section */
		F9C71D862C407A8D00FF8B0C /* Project object */ = {
			isa = PBXProject;
			attributes = {
				BuildIndependentTargetsInParallel = 1;
				LastSwiftUpdateCheck = 1520;
				LastUpgradeCheck = 1520;
				TargetAttributes = {
					F9C71D8D2C407A8D00FF8B0C = {
						CreatedOnToolsVersion = 15.2;
					};
				};
			};
			buildConfigurationList = F9C71D892C407A8D00FF8B0C /* Build configuration list for PBXProject "WeatherAI" */;
			compatibilityVersion = "Xcode 14.0";
			developmentRegion = en;
			hasScannedForEncodings = 0;
			knownRegions = (
				en,
				Base,
			);
			mainGroup = F9C71D852C407A8D00FF8B0C;
			productRefGroup = F9C71D8F2C407A8D00FF8B0C /* Products */;
			projectDirPath = "";
			projectRoot = "";
			targets = (
				F9C71D8D2C407A8D00FF8B0C /* WeatherAI */,
			);
		};
/* End PBXProject section */

/* Begin PBXResourcesBuildPhase section */
		F9C71D8C2C407A8D00FF8B0C /* Resources */ = {
			isa = PBXResourcesBuildPhase;
			buildActionMask = 2147483647;
			files = (
				F9C71D9E2C407A8E00FF8B0C /* LaunchScreen.storyboard in Resources */,
				F9C71D9B2C407A8E00FF8B0C /* Assets.xcassets in Resources */,
				F9C71D992C407A8D00FF8B0C /* Main.storyboard in Resources */,
			);
			runOnlyForDeploymentPostprocessing = 0;
		};
/* End PBXResourcesBuildPhase section */

/* Begin PBXSourcesBuildPhase section */
		F9C71D8A2C407A8D00FF8B0C /* Sources */ = {
			isa = PBXSourcesBuildPhase;
			buildActionMask = 2147483647;
			files = (
				F9C71DAB2C40928200FF8B0C /* WeatherCollectionViewCell.swift in Sources */,
				F9C71DA62C407C3200FF8B0C /* GradientView.swift in Sources */,
				F9C71D962C407A8D00FF8B0C /* WeatherVC.swift in Sources */,
				F9C71D922C407A8D00FF8B0C /* AppDelegate.swift in Sources */,
				F9C71D942C407A8D00FF8B0C /* SceneDelegate.swift in Sources */,
			);
			runOnlyForDeploymentPostprocessing = 0;
		};
/* End PBXSourcesBuildPhase section */

/* Begin PBXVariantGroup section */
		F9C71D972C407A8D00FF8B0C /* Main.storyboard */ = {
			isa = PBXVariantGroup;
			children = (
				F9C71D982C407A8D00FF8B0C /* Base */,
			);
			name = Main.storyboard;
			sourceTree = "<group>";
		};
		F9C71D9C2C407A8E00FF8B0C /* LaunchScreen.storyboard */ = {
			isa = PBXVariantGroup;
			children = (
				F9C71D9D2C407A8E00FF8B0C /* Base */,
			);
			name = LaunchScreen.storyboard;
			sourceTree = "<group>";
		};
/* End PBXVariantGroup section */

/* Begin XCBuildConfiguration section */
		F9C71DA02C407A8E00FF8B0C /* Debug */ = {
			isa = XCBuildConfiguration;
			buildSettings = {
				ALWAYS_SEARCH_USER_PATHS = NO;
				ASSETCATALOG_COMPILER_GENERATE_SWIFT_ASSET_SYMBOL_EXTENSIONS = YES;
				CLANG_ANALYZER_NONNULL = YES;
				CLANG_ANALYZER_NUMBER_OBJECT_CONVERSION = YES_AGGRESSIVE;
				CLANG_CXX_LANGUAGE_STANDARD = "gnu++20";
				CLANG_ENABLE_MODULES = YES;
				CLANG_ENABLE_OBJC_ARC = YES;
				CLANG_ENABLE_OBJC_WEAK = YES;
				CLANG_WARN_BLOCK_CAPTURE_AUTORELEASING = YES;
				CLANG_WARN_BOOL_CONVERSION = YES;
				CLANG_WARN_COMMA = YES;
				CLANG_WARN_CONSTANT_CONVERSION = YES;
				CLANG_WARN_DEPRECATED_OBJC_IMPLEMENTATIONS = YES;
				CLANG_WARN_DIRECT_OBJC_ISA_USAGE = YES_ERROR;
				CLANG_WARN_DOCUMENTATION_COMMENTS = YES;
				CLANG_WARN_EMPTY_BODY = YES;
				CLANG_WARN_ENUM_CONVERSION = YES;
				CLANG_WARN_INFINITE_RECURSION = YES;
				CLANG_WARN_INT_CONVERSION = YES;
				CLANG_WARN_NON_LITERAL_NULL_CONVERSION = YES;
				CLANG_WARN_OBJC_IMPLICIT_RETAIN_SELF = YES;
				CLANG_WARN_OBJC_LITERAL_CONVERSION = YES;
				CLANG_WARN_OBJC_ROOT_CLASS = YES_ERROR;
				CLANG_WARN_QUOTED_INCLUDE_IN_FRAMEWORK_HEADER = YES;
				CLANG_WARN_RANGE_LOOP_ANALYSIS = YES;
				CLANG_WARN_STRICT_PROTOTYPES = YES;
				CLANG_WARN_SUSPICIOUS_MOVE = YES;
				CLANG_WARN_UNGUARDED_AVAILABILITY = YES_AGGRESSIVE;
				CLANG_WARN_UNREACHABLE_CODE = YES;
				CLANG_WARN__DUPLICATE_METHOD_MATCH = YES;
				COPY_PHASE_STRIP = NO;
				DEBUG_INFORMATION_FORMAT = dwarf;
				ENABLE_STRICT_OBJC_MSGSEND = YES;
				ENABLE_TESTABILITY = YES;
				ENABLE_USER_SCRIPT_SANDBOXING = YES;
				GCC_C_LANGUAGE_STANDARD = gnu17;
				GCC_DYNAMIC_NO_PIC = NO;
				GCC_NO_COMMON_BLOCKS = YES;
				GCC_OPTIMIZATION_LEVEL = 0;
				GCC_PREPROCESSOR_DEFINITIONS = (
					"DEBUG=1",
					"$(inherited)",
				);
				GCC_WARN_64_TO_32_BIT_CONVERSION = YES;
				GCC_WARN_ABOUT_RETURN_TYPE = YES_ERROR;
				GCC_WARN_UNDECLARED_SELECTOR = YES;
				GCC_WARN_UNINITIALIZED_AUTOS = YES_AGGRESSIVE;
				GCC_WARN_UNUSED_FUNCTION = YES;
				GCC_WARN_UNUSED_VARIABLE = YES;
				IPHONEOS_DEPLOYMENT_TARGET = 17.2;
				LOCALIZATION_PREFERS_STRING_CATALOGS = YES;
				MTL_ENABLE_DEBUG_INFO = INCLUDE_SOURCE;
				MTL_FAST_MATH = YES;
				ONLY_ACTIVE_ARCH = YES;
				SDKROOT = iphoneos;
				SWIFT_ACTIVE_COMPILATION_CONDITIONS = "DEBUG $(inherited)";
				SWIFT_OPTIMIZATION_LEVEL = "-Onone";
			};
			name = Debug;
		};
		F9C71DA12C407A8E00FF8B0C /* Release */ = {
			isa = XCBuildConfiguration;
			buildSettings = {
				ALWAYS_SEARCH_USER_PATHS = NO;
				ASSETCATALOG_COMPILER_GENERATE_SWIFT_ASSET_SYMBOL_EXTENSIONS = YES;
				CLANG_ANALYZER_NONNULL = YES;
				CLANG_ANALYZER_NUMBER_OBJECT_CONVERSION = YES_AGGRESSIVE;
				CLANG_CXX_LANGUAGE_STANDARD = "gnu++20";
				CLANG_ENABLE_MODULES = YES;
				CLANG_ENABLE_OBJC_ARC = YES;
				CLANG_ENABLE_OBJC_WEAK = YES;
				CLANG_WARN_BLOCK_CAPTURE_AUTORELEASING = YES;
				CLANG_WARN_BOOL_CONVERSION = YES;
				CLANG_WARN_COMMA = YES;
				CLANG_WARN_CONSTANT_CONVERSION = YES;
				CLANG_WARN_DEPRECATED_OBJC_IMPLEMENTATIONS = YES;
				CLANG_WARN_DIRECT_OBJC_ISA_USAGE = YES_ERROR;
				CLANG_WARN_DOCUMENTATION_COMMENTS = YES;
				CLANG_WARN_EMPTY_BODY = YES;
				CLANG_WARN_ENUM_CONVERSION = YES;
				CLANG_WARN_INFINITE_RECURSION = YES;
				CLANG_WARN_INT_CONVERSION = YES;
				CLANG_WARN_NON_LITERAL_NULL_CONVERSION = YES;
				CLANG_WARN_OBJC_IMPLICIT_RETAIN_SELF = YES;
				CLANG_WARN_OBJC_LITERAL_CONVERSION = YES;
				CLANG_WARN_OBJC_ROOT_CLASS = YES_ERROR;
				CLANG_WARN_QUOTED_INCLUDE_IN_FRAMEWORK_HEADER = YES;
				CLANG_WARN_RANGE_LOOP_ANALYSIS = YES;
				CLANG_WARN_STRICT_PROTOTYPES = YES;
				CLANG_WARN_SUSPICIOUS_MOVE = YES;
				CLANG_WARN_UNGUARDED_AVAILABILITY = YES_AGGRESSIVE;
				CLANG_WARN_UNREACHABLE_CODE = YES;
				CLANG_WARN__DUPLICATE_METHOD_MATCH = YES;
				COPY_PHASE_STRIP = NO;
				DEBUG_INFORMATION_FORMAT = "dwarf-with-dsym";
				ENABLE_NS_ASSERTIONS = NO;
				ENABLE_STRICT_OBJC_MSGSEND = YES;
				ENABLE_USER_SCRIPT_SANDBOXING = YES;
				GCC_C_LANGUAGE_STANDARD = gnu17;
				GCC_NO_COMMON_BLOCKS = YES;
				GCC_WARN_64_TO_32_BIT_CONVERSION = YES;
				GCC_WARN_ABOUT_RETURN_TYPE = YES_ERROR;
				GCC_WARN_UNDECLARED_SELECTOR = YES;
				GCC_WARN_UNINITIALIZED_AUTOS = YES_AGGRESSIVE;
				GCC_WARN_UNUSED_FUNCTION = YES;
				GCC_WARN_UNUSED_VARIABLE = YES;
				IPHONEOS_DEPLOYMENT_TARGET = 17.2;
				LOCALIZATION_PREFERS_STRING_CATALOGS = YES;
				MTL_ENABLE_DEBUG_INFO = NO;
				MTL_FAST_MATH = YES;
				SDKROOT = iphoneos;
				SWIFT_COMPILATION_MODE = wholemodule;
				VALIDATE_PRODUCT = YES;
			};
			name = Release;
		};
		F9C71DA32C407A8E00FF8B0C /* Debug */ = {
			isa = XCBuildConfiguration;
			buildSettings = {
				ASSETCATALOG_COMPILER_APPICON_NAME = AppIcon;
				ASSETCATALOG_COMPILER_GLOBAL_ACCENT_COLOR_NAME = AccentColor;
				CODE_SIGN_STYLE = Automatic;
				CURRENT_PROJECT_VERSION = 1;
				DEVELOPMENT_TEAM = DQ48F29D8A;
				EXCLUDED_ARCHS = "";
				GENERATE_INFOPLIST_FILE = YES;
				INFOPLIST_FILE = WeatherAI/Info.plist;
				INFOPLIST_KEY_UIApplicationSupportsIndirectInputEvents = YES;
				INFOPLIST_KEY_UILaunchStoryboardName = LaunchScreen;
				INFOPLIST_KEY_UIMainStoryboardFile = Main;
				INFOPLIST_KEY_UISupportedInterfaceOrientations_iPad = "UIInterfaceOrientationPortrait UIInterfaceOrientationPortraitUpsideDown UIInterfaceOrientationLandscapeLeft UIInterfaceOrientationLandscapeRight";
				INFOPLIST_KEY_UISupportedInterfaceOrientations_iPhone = "UIInterfaceOrientationPortrait UIInterfaceOrientationLandscapeLeft UIInterfaceOrientationLandscapeRight";
				LD_RUNPATH_SEARCH_PATHS = (
					"$(inherited)",
					"@executable_path/Frameworks",
				);
				MARKETING_VERSION = 1.0;
				PRODUCT_BUNDLE_IDENTIFIER = com.emirhanipek.WeatherAI;
				PRODUCT_NAME = "$(TARGET_NAME)";
				SWIFT_EMIT_LOC_STRINGS = YES;
				SWIFT_VERSION = 5.0;
				TARGETED_DEVICE_FAMILY = "1,2";
			};
			name = Debug;
		};
		F9C71DA42C407A8E00FF8B0C /* Release */ = {
			isa = XCBuildConfiguration;
			buildSettings = {
				ASSETCATALOG_COMPILER_APPICON_NAME = AppIcon;
				ASSETCATALOG_COMPILER_GLOBAL_ACCENT_COLOR_NAME = AccentColor;
				CODE_SIGN_STYLE = Automatic;
				CURRENT_PROJECT_VERSION = 1;
				DEVELOPMENT_TEAM = DQ48F29D8A;
				EXCLUDED_ARCHS = "";
				GENERATE_INFOPLIST_FILE = YES;
				INFOPLIST_FILE = WeatherAI/Info.plist;
				INFOPLIST_KEY_UIApplicationSupportsIndirectInputEvents = YES;
				INFOPLIST_KEY_UILaunchStoryboardName = LaunchScreen;
				INFOPLIST_KEY_UIMainStoryboardFile = Main;
				INFOPLIST_KEY_UISupportedInterfaceOrientations_iPad = "UIInterfaceOrientationPortrait UIInterfaceOrientationPortraitUpsideDown UIInterfaceOrientationLandscapeLeft UIInterfaceOrientationLandscapeRight";
				INFOPLIST_KEY_UISupportedInterfaceOrientations_iPhone = "UIInterfaceOrientationPortrait UIInterfaceOrientationLandscapeLeft UIInterfaceOrientationLandscapeRight";
				LD_RUNPATH_SEARCH_PATHS = (
					"$(inherited)",
					"@executable_path/Frameworks",
				);
				MARKETING_VERSION = 1.0;
				PRODUCT_BUNDLE_IDENTIFIER = com.emirhanipek.WeatherAI;
				PRODUCT_NAME = "$(TARGET_NAME)";
				SWIFT_EMIT_LOC_STRINGS = YES;
				SWIFT_VERSION = 5.0;
				TARGETED_DEVICE_FAMILY = "1,2";
			};
			name = Release;
		};
/* End XCBuildConfiguration section */

/* Begin XCConfigurationList section */
		F9C71D892C407A8D00FF8B0C /* Build configuration list for PBXProject "WeatherAI" */ = {
			isa = XCConfigurationList;
			buildConfigurations = (
				F9C71DA02C407A8E00FF8B0C /* Debug */,
				F9C71DA12C407A8E00FF8B0C /* Release */,
			);
			defaultConfigurationIsVisible = 0;
			defaultConfigurationName = Release;
		};
		F9C71DA22C407A8E00FF8B0C /* Build configuration list for PBXNativeTarget "WeatherAI" */ = {
			isa = XCConfigurationList;
			buildConfigurations = (
				F9C71DA32C407A8E00FF8B0C /* Debug */,
				F9C71DA42C407A8E00FF8B0C /* Release */,
			);
			defaultConfigurationIsVisible = 0;
			defaultConfigurationName = Release;
		};
/* End XCConfigurationList section */
	};
	rootObject = F9C71D862C407A8D00FF8B0C /* Project object */;
}
